
Microsoft Visual Studio Solution File, Format Version 12.00
# Visual Studio Version 17
VisualStudioVersion = 17.14.36429.23 d17.14
MinimumVisualStudioVersion = 10.0.40219.1
Project("{FAE04EC0-301F-11D3-BF4B-00C04F79EFBC}") = "SingletonPattern", "SingletonPattern\SingletonPattern.csproj", "{6A53D6CC-0E95-40B9-ACB4-49771BE2B998}"
EndProject
Global
	GlobalSection(SolutionConfigurationPlatforms) = preSolution
		Debug|Any CPU = Debug|Any CPU
		Release|Any CPU = Release|Any CPU
	EndGlobalSection
	GlobalSection(ProjectConfigurationPlatforms) = postSolution
		{6A53D6CC-0E95-40B9-ACB4-49771BE2B998}.Debug|Any CPU.ActiveCfg = Debug|Any CPU
		{6A53D6CC-0E95-40B9-ACB4-49771BE2B998}.Debug|Any CPU.Build.0 = Debug|Any CPU
		{6A53D6CC-0E95-40B9-ACB4-49771BE2B998}.Release|Any CPU.ActiveCfg = Release|Any CPU
		{6A53D6CC-0E95-40B9-ACB4-49771BE2B998}.Release|Any CPU.Build.0 = Release|Any CPU
	EndGlobalSection
	GlobalSection(SolutionProperties) = preSolution
		HideSolutionNode = FALSE
	EndGlobalSection
	GlobalSection(ExtensibilityGlobals) = postSolution
		SolutionGuid = {361A9EC5-D2FC-4D79-A65E-AAEDBE6FEC69}
	EndGlobalSection
EndGlobal
